cloud.google.com/go v0.26.0/go.mod h1:aQUYkXzVsufM+DwF1aE+0xfcU+56JwCaLick0ClmMTw=
cloud.google.com/go v0.33.1 h1:fmJQWZ1w9PGkHR1YL/P7HloDvqlmKQ4Vpb7PC2e+aCk=
cloud.google.com/go v0.33.1/go.mod h1:aQUYkXzVsufM+DwF1aE+0xfcU+56JwCaLick0ClmMTw=
git.apache.org/thrift.git v0.0.0-20180902110319-2566ecd5d999/go.mod h1:fPE2ZNJGynbRyZ4dJvy6G277gSllfV2HJqblrnkyeyg=
github.com/Azure/go-autorest v10.15.5+incompatible h1:vdxx6wM1rVkKt/3niByPVjguoLWkWImOcJNvEykgBzY=
github.com/Azure/go-autorest v10.15.5+incompatible/go.mod h1:r+4oMnoxhatjLLJ6zxSWATqVooLgysK6ZNox3g/xq24=
github.com/beorn7/perks v0.0.0-20180321164747-3a771d992973 h1:xJ4a3vCFaGF/jqvzLMYoU8P317H5OQ+Via4RmuPwCS0=
github.com/beorn7/perks v0.0.0-20180321164747-3a771d992973/go.mod h1:Dwedo/Wpr24TaqPxmxbtue+5NUziq4I4S80YR8gNf3Q=
github.com/client9/misspell v0.3.4/go.mod h1:qj6jICC3Q7zFZvVWo7KLAzC3yx5G7kyvSDkc90ppPyw=
github.com/davecgh/go-spew v1.1.1 h1:vj9j/u1bqnvCEfJOwUhtlOARqs3+rkHYY13jYWTU97c=
github.com/davecgh/go-spew v1.1.1/go.mod h1:J7Y8YcW2NihsgmVo/mv3lAwl/skON4iLHjSsI+c5H38=
github.com/dgrijalva/jwt-go v3.2.0+incompatible h1:7qlOGliEKZXTDg6OTjfoBKDXWrumCAMpl/TFQ4/5kLM=
github.com/dgrijalva/jwt-go v3.2.0+incompatible/go.mod h1:E3ru+11k8xSBh+hMPgOLZmtrrCbhqsmaPHjLKYnJCaQ=
github.com/evanphx/json-patch v4.1.0+incompatible h1:K1MDoo4AZ4wU0GIU/fPmtZg7VpzLjCxu+UwBD1FvwOc=
github.com/evanphx/json-patch v4.1.0+incompatible/go.mod h1:50XU6AFN0ol/bzJsmQLiYLvXMP4fmwYFNcr97nuDLSk=
github.com/fsnotify/fsnotify v1.4.7 h1:IXs+QLmnXW2CcXuY+8Mzv/fWEsPGWxqefPtCP5CnV9I=
github.com/fsnotify/fsnotify v1.4.7/go.mod h1:jwhsz4b93w/PPRr/qN1Yymfu8t87LnFCMoQvtojpjFo=
github.com/ghodss/yaml v1.0.0 h1:wQHKEahhL6wmXdzwWG11gIVCkOv05bNOh+Rxn0yngAk=
github.com/ghodss/yaml v1.0.0/go.mod h1:4dBDuWmgqj2HViK6kFavaiC9ZROes6MMH2rRYeMEF04=
github.com/go-yaml/yaml v2.1.0+incompatible h1:RYi2hDdss1u4YE7GwixGzWwVo47T8UQwnTLB6vQiq+o=
github.com/go-yaml/yaml v2.1.0+incompatible/go.mod h1:w2MrLa16VYP0jy6N7M5kHaCkaLENm+P+Tv+MfurjSw0=
github.com/gogo/protobuf v1.1.1 h1:72R+M5VuhED/KujmZVcIquuo8mBgX4oVda//DQb3PXo=
github.com/gogo/protobuf v1.1.1/go.mod h1:r8qH/GZQm5c6nD/R0oafs1akxWv10x8SbQlK7atdtwQ=
github.com/golang/glog v0.0.0-20160126235308-23def4e6c14b h1:VKtxabqXZkF25pY9ekfRL6a582T4P37/31XEstQ5p58=
github.com/golang/glog v0.0.0-20160126235308-23def4e6c14b/go.mod h1:SBH7ygxi8pfUlaOkMMuAQtPIUF8ecWP5IEl/CR7VP2Q=
github.com/golang/groupcache v0.0.0-20181024230925-c65c006176ff h1:kOkM9whyQYodu09SJ6W3NCsHG7crFaJILQ22Gozp3lg=
github.com/golang/groupcache v0.0.0-20181024230925-c65c006176ff/go.mod h1:cIg4eruTrX1D+g88fzRXU5OdNfaM+9IcxsU14FzY7Hc=
github.com/golang/lint v0.0.0-20180702182130-06c8688daad7/go.mod h1:tluoj9z5200jBnyusfRPU2LqT6J+DAorxEvtC7LHB+E=
github.com/golang/mock v1.1.1/go.mod h1:oTYuIxOrZwtPieC+H1uAHpcLFnEyAGVDL/k47Jfbm0A=
github.com/golang/protobuf v1.2.0 h1:P3YflyNX/ehuJFLhxviNdFxQPkGK5cDcApsge1SqnvM=
github.com/golang/protobuf v1.2.0/go.mod h1:6lQm79b+lXiMfvg/cZm0SGofjICqVBUtrP5yJMmIC1U=
github.com/google/btree v0.0.0-20180813153112-4030bb1f1f0c h1:964Od4U6p2jUkFxvCydnIczKteheJEzHRToSGK3Bnlw=
github.com/google/btree v0.0.0-20180813153112-4030bb1f1f0c/go.mod h1:lNA+9X1NB3Zf8V7Ke586lFgjr2dZNuvo3lPJSGZ5JPQ=
github.com/google/go-cmp v0.2.0 h1:+dTQ8DZQJz0Mb/HjFlkptS1FeQ4cWSnN941F8aEG4SQ=
github.com/google/go-cmp v0.2.0/go.mod h1:oXzfMopK8JAjlY9xF4vHSVASa0yLyX7SntLO5aqRK0M=
github.com/google/gofuzz v0.0.0-20170612174753-24818f796faf h1:+RRA9JqSOZFfKrOeqr2z77+8R2RKyh8PG66dcu1V0ck=
github.com/google/gofuzz v0.0.0-20170612174753-24818f796faf/go.mod h1:HP5RmnzzSNb993RKQDq4+1A4ia9nllfqcQFTQJedwGI=
github.com/google/martian v2.1.0+incompatible h1:/CP5g8u/VJHijgedC/Legn3BAbAaWPgecwXBIDzw5no=
github.com/google/martian v2.1.0+incompatible/go.mod h1:9I4somxYTbIHy5NJKHRl3wXiIaQGbYVAs8BPL6v8lEs=
github.com/googleapis/gax-go v2.0.2+incompatible h1:silFMLAnr330+NRuag/VjIGF7TLp/LBrV2CJKFLWEww=
github.com/googleapis/gax-go v2.0.2+incompatible/go.mod h1:SFVmujtThgffbyetf+mdk2eWhX2bMyUtNHzFKcPA9HY=
github.com/googleapis/gnostic v0.2.0 h1:l6N3VoaVzTncYYW+9yOz2LJJammFZGBO13sqgEhpy9g=
github.com/googleapis/gnostic v0.2.0/go.mod h1:sJBsCZ4ayReDTBIg8b9dl28c5xFWyhBTVRp3pOg5EKY=
github.com/gophercloud/gophercloud v0.0.0-20190106001728-f27ceddc323f h1:tQgXls+fseb2AbEU55TktR33ouCEHI+Q1IiDoM5Kd+I=
github.com/gophercloud/gophercloud v0.0.0-20190106001728-f27ceddc323f/go.mod h1:3WdhXV3rUYy9p6AUW8d94kr+HS62Y4VL9mBnFxsD8q4=
github.com/gorilla/context v1.1.1 h1:AWwleXJkX/nhcU9bZSnZoi3h/qGYqQAGhq6zZe/aQW8=
github.com/gorilla/context v1.1.1/go.mod h1:kBGZzfjB9CEq2AlWe17Uuf7NDRt0dE0s8S51q0aT7Yg=
github.com/gorilla/securecookie v1.1.1 h1:miw7JPhV+b/lAHSXz4qd/nN9jRiAFV5FwjeKyCS8BvQ=
github.com/gorilla/securecookie v1.1.1/go.mod h1:ra0sb63/xPlUeL+yeDciTfxMRAA+MP+HVt/4epWDjd4=
github.com/gorilla/sessions v1.1.3 h1:uXoZdcdA5XdXF3QzuSlheVRUvjl+1rKY7zBXL68L9RU=
github.com/gorilla/sessions v1.1.3/go.mod h1:8KCfur6+4Mqcc6S0FEfKuN15Vl5MgXW92AE8ovaJD0w=
github.com/gregjones/httpcache v0.0.0-20181110185634-c63ab54fda8f h1:ShTPMJQes6tubcjzGMODIVG5hlrCeImaBnZzKF2N8SM=
github.com/gregjones/httpcache v0.0.0-20181110185634-c63ab54fda8f/go.mod h1:FecbI9+v66THATjSRHfNgh1IVFe/9kFxbXtjV0ctIMA=
github.com/grpc-ecosystem/grpc-gateway v1.5.0/go.mod h1:RSKVYQBd5MCa4OVpNdGskqpgL2+G+NZTnrVHpWWfpdw=
github.com/hashicorp/golang-lru v0.5.0 h1:CL2msUPvZTLb5O648aiLNJw3hnBxN2+1Jq8rCOH9wdo=
github.com/hashicorp/golang-lru v0.5.0/go.mod h1:/m3WP610KZHVQ1SGc6re/UDhFvYD7pJ4Ao+sR/qLZy8=
github.com/hpcloud/tail v1.0.0 h1:nfCOvKYfkgYP8hkirhJocXT2+zOD8yUNjXaWfTlyFKI=
github.com/hpcloud/tail v1.0.0/go.mod h1:ab1qPbhIpdTxEkNHXyeSf5vhxWSCs/tWer42PpOxQnU=
github.com/imdario/mergo v0.3.6 h1:xTNEAn+kxVO7dTZGu0CegyqKZmoWFI0rF8UxjlB2d28=
github.com/imdario/mergo v0.3.6/go.mod h1:2EnlNZ0deacrJVfApfmtdGgDfMuh/nq6Ok1EcJh5FfA=
github.com/json-iterator/go v1.1.5 h1:gL2yXlmiIo4+t+y32d4WGwOjKGYcGOuyrg46vadswDE=
github.com/json-iterator/go v1.1.5/go.mod h1:+SdeFBvtyEkXs7REEP0seUULqWtbJapLOCVDaaPEHmU=
github.com/kisielk/gotool v1.0.0/go.mod h1:XhKaO+MFFWcvkIS/tQcRk01m1F5IRFswLeQ+oQHNcck=
github.com/knative/build v0.2.0 h1:BkBXjJb3ugETV9Jfk97Aa7aIjnhRRuI6EnfQ7du0QCU=
github.com/knative/build v0.2.0/go.mod h1:/sU74ZQkwlYA5FwYDJhYTy61i/Kn+5eWfln2jDbw3Qo=
github.com/knative/pkg v0.0.0-20181129214524-bace35862602 h1:KjpK2tTSmXG+GJ1CUcGFYHwtiLWEeO/rCxWXUMvsU7Y=
github.com/knative/pkg v0.0.0-20181129214524-bace35862602/go.mod h1:7Ijfhw7rfB+H9VtosIsDYvZQ+qYTz7auK3fHW/5z4ww=
github.com/konsorten/go-windows-terminal-sequences v1.0.1 h1:mweAR1A6xJ3oS2pRaGiHgQ4OO8tzTaLawm8vnODuwDk=
github.com/konsorten/go-windows-terminal-sequences v1.0.1/go.mod h1:T0+1ngSBFLxvqU3pZ+m/2kptfBszLMUkC4ZK/EgS/cQ=
github.com/mattbaird/jsonpatch v0.0.0-20171005235357-81af80346b1a h1:+J2gw7Bw77w/fbK7wnNJJDKmw1IbWft2Ul5BzrG1Qm8=
github.com/mattbaird/jsonpatch v0.0.0-20171005235357-81af80346b1a/go.mod h1:M1qoD/MqPgTZIk0EWKB38wE28ACRfVcn+cU08jyArI0=
github.com/matttproud/golang_protobuf_extensions v1.0.1 h1:4hp9jkHxhMHkqkrB3Ix0jegS5sx/RkqARlsWZ6pIwiU=
github.com/matttproud/golang_protobuf_extensions v1.0.1/go.mod h1:D8He9yQNgCq6Z5Ld7szi9bcBfOoFv/3dc6xSMkL2PC0=
github.com/modern-go/concurrent v0.0.0-20180306012644-bacd9c7ef1dd h1:TRLaZ9cD/w8PVh93nsPXa1VrQ6jlwL5oN8l14QlcNfg=
github.com/modern-go/concurrent v0.0.0-20180306012644-bacd9c7ef1dd/go.mod h1:6dJC0mAP4ikYIbvyc7fijjWJddQyLn8Ig3JB5CqoB9Q=
github.com/modern-go/reflect2 v0.0.0-20180701023420-4b7aa43c6742 h1:Esafd1046DLDQ0W1YjYsBW+p8U2u7vzgW2SQVmlNazg=
github.com/modern-go/reflect2 v0.0.0-20180701023420-4b7aa43c6742/go.mod h1:bx2lNnkwVCuqBIxFjflWJWanXIb3RllmbCylyMrvgv0=
github.com/onsi/ginkgo v1.6.0/go.mod h1:lLunBs/Ym6LB5Z9jYTR76FiuTmxDTDusOGeTQH+WWjE=
github.com/onsi/ginkgo v1.7.0 h1:WSHQ+IS43OoUrWtD1/bbclrwK8TTH5hzp+umCiuxHgs=
github.com/onsi/ginkgo v1.7.0/go.mod h1:lLunBs/Ym6LB5Z9jYTR76FiuTmxDTDusOGeTQH+WWjE=
github.com/onsi/gomega v1.4.3 h1:RE1xgDvH7imwFD45h+u2SgIfERHlS2yNG4DObb5BSKU=
github.com/onsi/gomega v1.4.3/go.mod h1:ex+gbHU/CVuBBDIJjb2X0qEXbFg53c61hWP/1CpauHY=
github.com/openzipkin/zipkin-go v0.1.1/go.mod h1:NtoC/o8u3JlF1lSlyPNswIbeQH9bJTmOf0Erfk+hxe8=
github.com/peterbourgon/diskv v2.0.1+incompatible h1:UBdAOUP5p4RWqPBg048CAvpKN+vxiaj6gdUUzhl4XmI=
github.com/peterbourgon/diskv v2.0.1+incompatible/go.mod h1:uqqh8zWWbv1HBMNONnaR/tNboyR3/BZd58JJSHlUSCU=
github.com/pmezard/go-difflib v1.0.0 h1:4DBwDE0NGyQoBHbLQYPwSUPoCMWR5BEzIk/f1lZbAQM=
github.com/pmezard/go-difflib v1.0.0/go.mod h1:iKH77koFhYxTK1pcRnkKkqfTogsbg7gZNVY4sRDYZ/4=
github.com/prometheus/client_golang v0.8.0 h1:1921Yw9Gc3iSc4VQh3PIoOqgPCZS7G/4xQNVUp8Mda8=
github.com/prometheus/client_golang v0.8.0/go.mod h1:7SWBe2y4D6OKWSNQJUaRYU/AaXPKyh/dDVn+NZz0KFw=
github.com/prometheus/client_model v0.0.0-20180712105110-5c3871d89910 h1:idejC8f05m9MGOsuEi1ATq9shN03HrxNkD/luQvxCv8=
github.com/prometheus/client_model v0.0.0-20180712105110-5c3871d89910/go.mod h1:MbSGuTsp3dbXC40dX6PRTWyKYBIrTGTE9sqQNg2J8bo=
github.com/prometheus/common v0.0.0-20180801064454-c7de2306084e/go.mod h1:daVV7qP5qjZbuso7PdcryaAu0sAZbrN9i7WWcTMWvro=
github.com/prometheus/common v0.0.0-20181126121408-4724e9255275 h1:PnBWHBf+6L0jOqq0gIVUe6Yk0/QMZ640k6NvkxcBf+8=
github.com/prometheus/common v0.0.0-20181126121408-4724e9255275/go.mod h1:daVV7qP5qjZbuso7PdcryaAu0sAZbrN9i7WWcTMWvro=
github.com/prometheus/procfs v0.0.0-20180725123919-05ee40e3a273/go.mod h1:c3At6R/oaqEKCNdg8wHV1ftS6bRYblBhIjjI8uT2IGk=
github.com/prometheus/procfs v0.0.0-20181129180645-aa55a523dc0a h1:Z2GBQ7wAiTCixJhSGK4sMO/FHYlvFvUBBK0M0FSsxeU=
github.com/prometheus/procfs v0.0.0-20181129180645-aa55a523dc0a/go.mod h1:c3At6R/oaqEKCNdg8wHV1ftS6bRYblBhIjjI8uT2IGk=
github.com/shurcooL/githubv4 v0.0.0-20181111053151-5851091a7645 h1:BXRUkI8xgXDHoLkU4r/1byWDJUtmGdZJQ8thtPIHlI8=
github.com/shurcooL/githubv4 v0.0.0-20181111053151-5851091a7645/go.mod h1:hAF0iLZy4td2EX+/8Tw+4nodhlMrwN3HupfaXj3zkGo=
github.com/shurcooL/graphql v0.0.0-20181114023618-16b88644589a h1:Ba0ckGqbNydBw+rWSt/AXHt12uepQG9jJ1RuI9I5rzc=
github.com/shurcooL/graphql v0.0.0-20181114023618-16b88644589a/go.mod h1:AuYgA5Kyo4c7HfUmvRGs/6rGlMMV/6B1bVnB9JxJEEg=
github.com/sirupsen/logrus v1.2.0 h1:juTguoYk5qI21pwyTXY3B3Y5cOTH3ZUyZCg1v/mihuo=
github.com/sirupsen/logrus v1.2.0/go.mod h1:LxeOpSwHxABJmUn/MG1IvRgCAasNZTLOkJPxbbu5VWo=
github.com/spf13/pflag v1.0.3 h1:zPAT6CGy6wXeQ7NtTnaTerfKOsV6V6F8agHXFiazDkg=
github.com/spf13/pflag v1.0.3/go.mod h1:DYY7MBk1bdzusC3SYhjObp+wFpr4gzcvqqNjLnInEg4=
github.com/stretchr/objx v0.1.1/go.mod h1:HFkY916IF+rwdDfMAkV7OtwuqBVzrE8GR6GFx+wExME=
github.com/stretchr/testify v1.2.2 h1:bSDNvY7ZPG5RlJ8otE/7V6gMiyenm9RtJ7IUVIAoJ1w=
github.com/stretchr/testify v1.2.2/go.mod h1:a8OnRcib4nhh0OaRAV+Yts87kKdq0PP7pXfy6kDkUVs=
go.opencensus.io v0.18.0 h1:Mk5rgZcggtbvtAun5aJzAtjKKN/t0R3jJPlWILlv938=
go.opencensus.io v0.18.0/go.mod h1:vKdFvxhtzZ9onBp9VKHK8z/sRpBMnKAsufL7wlDrCOA=
golang.org/x/crypto v0.0.0-20180904163835-0709b304e793/go.mod h1:6SG95UA2DQfeDnfUPMdvaQW0Q7yPrPDi9nlGo2tz2b4=
golang.org/x/crypto v0.0.0-20181127143415-eb0de9b17e85 h1:et7+NAX3lLIk5qUCTA9QelBjGE/NkhzYw/mhnr0s7nI=
golang.org/x/crypto v0.0.0-20181127143415-eb0de9b17e85/go.mod h1:6SG95UA2DQfeDnfUPMdvaQW0Q7yPrPDi9nlGo2tz2b4=
golang.org/x/lint v0.0.0-20180702182130-06c8688daad7/go.mod h1:UVdnD1Gm6xHRNCYTkRU2/jEulfH38KcIWyp/GAMgvoE=
golang.org/x/net v0.0.0-20180724234803-3673e40ba225/go.mod h1:mL1N/T3taQHkDXs73rZJwtUhF3w3ftmwwsq0BUmARs4=
golang.org/x/net v0.0.0-20180826012351-8a410e7b638d/go.mod h1:mL1N/T3taQHkDXs73rZJwtUhF3w3ftmwwsq0BUmARs4=
golang.org/x/net v0.0.0-20180906233101-161cd47e91fd/go.mod h1:mL1N/T3taQHkDXs73rZJwtUhF3w3ftmwwsq0BUmARs4=
golang.org/x/net v0.0.0-20181106065722-10aee1819953/go.mod h1:mL1N/T3taQHkDXs73rZJwtUhF3w3ftmwwsq0BUmARs4=
golang.org/x/net v0.0.0-20181129055619-fae4c4e3ad76 h1:xx5MUFyRQRbPk6VjWjIE1epE/K5AoDD8QUN116NCy8k=
golang.org/x/net v0.0.0-20181129055619-fae4c4e3ad76/go.mod h1:mL1N/T3taQHkDXs73rZJwtUhF3w3ftmwwsq0BUmARs4=
golang.org/x/oauth2 v0.0.0-20180821212333-d2e6202438be/go.mod h1:N/0e6XlmueqKjAGxoOufVs8QHGRruUQn6yWY3a++T0U=
golang.org/x/oauth2 v0.0.0-20181128211412-28207608b838 h1:Tfp63pG3E68J3jSmfXHbBoEgU5jJm6bGQCcDvQr1Yb0=
golang.org/x/oauth2 v0.0.0-20181128211412-28207608b838/go.mod h1:N/0e6XlmueqKjAGxoOufVs8QHGRruUQn6yWY3a++T0U=
golang.org/x/sync v0.0.0-20180314180146-1d60e4601c6f/go.mod h1:RxMgew5VJxzue5/jJTE5uejpjVlOe/izrB70Jof72aM=
golang.org/x/sync v0.0.0-20181108010431-42b317875d0f h1:Bl/8QSvNqXvPGPGXa2z5xUTmV7VDcZyvRZ+QQXkXTZQ=
golang.org/x/sync v0.0.0-20181108010431-42b317875d0f/go.mod h1:RxMgew5VJxzue5/jJTE5uejpjVlOe/izrB70Jof72aM=
golang.org/x/sys v0.0.0-20180830151530-49385e6e1522/go.mod h1:STP8DvDyc/dI5b8T5hshtkjS+E42TnysNCUPdjciGhY=
golang.org/x/sys v0.0.0-20180905080454-ebe1bf3edb33/go.mod h1:STP8DvDyc/dI5b8T5hshtkjS+E42TnysNCUPdjciGhY=
golang.org/x/sys v0.0.0-20180909124046-d0be0721c37e/go.mod h1:STP8DvDyc/dI5b8T5hshtkjS+E42TnysNCUPdjciGhY=
golang.org/x/sys v0.0.0-20181128092732-4ed8d59d0b35 h1:YAFjXN64LMvktoUZH9zgY4lGc/msGN7HQfoSuKCgaDU=
golang.org/x/sys v0.0.0-20181128092732-4ed8d59d0b35/go.mod h1:STP8DvDyc/dI5b8T5hshtkjS+E42TnysNCUPdjciGhY=
golang.org/x/text v0.3.0 h1:g61tztE5qeGQ89tm6NTjjM9VPIm088od1l6aSorWRWg=
golang.org/x/text v0.3.0/go.mod h1:NqM8EUOU14njkJ3fqMW+pc6Ldnwhi/IjpwHt7yyuwOQ=
golang.org/x/time v0.0.0-20181108054448-85acf8d2951c h1:fqgJT0MGcGpPgpWU7VRdRjuArfcOvC4AoJmILihzhDg=
golang.org/x/time v0.0.0-20181108054448-85acf8d2951c/go.mod h1:tRJNPiyCQ0inRvYxbN9jk5I+vvW/OXSQhTDSoE431IQ=
golang.org/x/tools v0.0.0-20180828015842-6cd1fcedba52/go.mod h1:n7NCudcB/nEzxVGmLbDWY5pfWTLqBcC2KZ6jyYvM4mQ=
google.golang.org/api v0.0.0-20180910000450-7ca32eb868bf/go.mod h1:4mhQ8q/RsB7i+udVvVy5NUi08OU8ZlA0gRVgrF7VFY0=
google.golang.org/api v0.0.0-20181129220737-af4fc4062c26 h1:RPZDMF+4oXwRE3YH8oxQXeORJvVzSLPusZrxbwgpVVg=
google.golang.org/api v0.0.0-20181129220737-af4fc4062c26/go.mod h1:4mhQ8q/RsB7i+udVvVy5NUi08OU8ZlA0gRVgrF7VFY0=
google.golang.org/appengine v1.1.0/go.mod h1:EbEs0AVv82hx2wNQdGPgUI5lhzA/G0D9YwlJXL52JkM=
google.golang.org/appengine v1.3.0 h1:FBSsiFRMz3LBeXIomRnVzrQwSDj4ibvcRexLG0LZGQk=
google.golang.org/appengine v1.3.0/go.mod h1:xpcJRLb0r/rnEns0DIKYYv+WjYCduHsrkT7/EB5XEv4=
google.golang.org/genproto v0.0.0-20180817151627-c66870c02cf8/go.mod h1:JiN7NxoALGmiZfu7CAH4rXhgtRTLTxftemlI0sWmxmc=
google.golang.org/genproto v0.0.0-20180831171423-11092d34479b/go.mod h1:JiN7NxoALGmiZfu7CAH4rXhgtRTLTxftemlI0sWmxmc=
google.golang.org/genproto v0.0.0-20181127195345-31ac5d88444a h1:Weemm+oF2juintSvD0c+ZG4lDmCwgYKrM/kPI6gFINY=
google.golang.org/genproto v0.0.0-20181127195345-31ac5d88444a/go.mod h1:7Ep/1NZk928CDR8SjdVbjWNpdIf6nzjE3BTgJDr2Atg=
google.golang.org/grpc v1.14.0/go.mod h1:yo6s7OP7yaDglbqo1J04qKzAhqBH6lvTonzMVmEdcZw=
google.golang.org/grpc v1.16.0 h1:dz5IJGuC2BB7qXR5AyHNwAUBhZscK2xVez7mznh72sY=
google.golang.org/grpc v1.16.0/go.mod h1:0JHn/cJsOMiMfNA9+DeHDlAU7KAAB5GDlYFpa9MZMio=
gopkg.in/check.v1 v0.0.0-20161208181325-20d25e280405 h1:yhCVgyC4o1eVCa2tZl7eS0r+SDo693bJlVdllGtEeKM=
gopkg.in/check.v1 v0.0.0-20161208181325-20d25e280405/go.mod h1:Co6ibVJAznAaIkqp8huTwlJQCZ016jof/cbN4VW5Yz0=
gopkg.in/fsnotify.v1 v1.4.7 h1:xOHLXZwVvI9hhs+cLKq5+I5onOuwQLhQwiu63xxlHs4=
gopkg.in/fsnotify.v1 v1.4.7/go.mod h1:Tz8NjZHkW78fSQdbUxIjBTcgA1z1m8ZHf0WmKUhAMys=
gopkg.in/inf.v0 v0.9.1 h1:73M5CoZyi3ZLMOyDlQh031Cx6N9NDJ2Vvfl76EDAgDc=
gopkg.in/inf.v0 v0.9.1/go.mod h1:cWUDdTG/fYaXco+Dcufb5Vnc6Gp2YChqWtbxRZE0mXw=
gopkg.in/robfig/cron.v2 v2.0.0-20150107220207-be2e0b0deed5 h1:E846t8CnR+lv5nE+VuiKTDG/v1U2stad0QzddfJC7kY=
gopkg.in/robfig/cron.v2 v2.0.0-20150107220207-be2e0b0deed5/go.mod h1:hiOFpYm0ZJbusNj2ywpbrXowU3G8U6GIQzqn2mw1UIE=
gopkg.in/tomb.v1 v1.0.0-20141024135613-dd632973f1e7 h1:uRGJdciOHaEIrze2W8Q3AKkepLTh2hOroT7a+7czfdQ=
gopkg.in/tomb.v1 v1.0.0-20141024135613-dd632973f1e7/go.mod h1:dt/ZhP58zS4L8KSrWDmTeBkI65Dw0HsyUHuEVlX15mw=
gopkg.in/yaml.v2 v2.2.1/go.mod h1:hI93XBmqTisBFMUTm0b8Fm+jr3Dg1NNxqwp+5A1VGuI=
gopkg.in/yaml.v2 v2.2.2 h1:ZCJp+EgiOT7lHqUV2J862kp8Qj64Jo6az82+3Td9dZw=
gopkg.in/yaml.v2 v2.2.2/go.mod h1:hI93XBmqTisBFMUTm0b8Fm+jr3Dg1NNxqwp+5A1VGuI=
honnef.co/go/tools v0.0.0-20180728063816-88497007e858/go.mod h1:rf3lG4BRIbNafJWhAfAdb/ePZxsR/4RtNHQocxwk9r4=
k8s.io/api v0.0.0-20181128191700-6db15a15d2d3 h1:yU+uHaWFaeWjRoVDuKI2qxcOP9PPFJ+665yJuHI5Ils=
k8s.io/api v0.0.0-20181128191700-6db15a15d2d3/go.mod h1:iuAfoD4hCxJ8Onx9kaTIt30j7jUFS00AXQi6QMi99vA=
k8s.io/apimachinery v0.0.0-20181128191346-49ce2735e507 h1:DRtb2PO1ps3SPBkAUYz9J+rIPvYDZALFAYhWBeyvmcU=
k8s.io/apimachinery v0.0.0-20181128191346-49ce2735e507/go.mod h1:ccL7Eh7zubPUSh9A3USN90/OzHNSVN6zxzde07TDCL0=
k8s.io/client-go v9.0.0+incompatible h1:2kqW3X2xQ9SbFvWZjGEHBLlWc1LG9JIJNXWkuqwdZ3A=
k8s.io/client-go v9.0.0+incompatible/go.mod h1:7vJpHMYJwNQCWgzmNV+VYUl1zCObLyodBc8nIyt8L5s=
k8s.io/kube-openapi v0.0.0-20181114233023-0317810137be h1:aWEq4nbj7HRJ0mtKYjNSk/7X28Tl6TI6FeG8gKF+r7Q=
k8s.io/kube-openapi v0.0.0-20181114233023-0317810137be/go.mod h1:BXM9ceUBTj2QnfH2MK1odQs778ajze1RxcmP6S8RVVc=
k8s.io/test-infra v0.0.0-20190108005641-d80a68fb4cfd h1:ZFOR59be9QieM5BVBo3HKW0gzgZVx6+uIvqhqJKLUHQ=
k8s.io/test-infra v0.0.0-20190108005641-d80a68fb4cfd/go.mod h1:2NzXB13Ji0nqpyublHeiPC4FZwU0TknfvyaaNfl/BTA=
sigs.k8s.io/yaml v1.1.0 h1:4A07+ZFc2wgJwo8YNlQpr1rVlgUDlxXHhPJciaPY5gs=
sigs.k8s.io/yaml v1.1.0/go.mod h1:UJmg0vDUVViEyp3mgSv9WPwZCDxu4rQW1olrI1uml+o=
